// !$*UTF8*$!
{
	archiveVersion = 1;
	classes = {
	};
	objectVersion = 46;
	objects = {

/* Begin PBXBuildFile section */
		9107CBF51D3C633300698CAD /* AppDelegate.swift in Sources */ = {isa = PBXBuildFile; fileRef = 9107CBF41D3C633300698CAD /* AppDelegate.swift */; };
		9107CBF81D3C633300698CAD /* Test.xcdatamodeld in Sources */ = {isa = PBXBuildFile; fileRef = 9107CBF61D3C633300698CAD /* Test.xcdatamodeld */; };
		9107CBFA1D3C633300698CAD /* MasterViewController.swift in Sources */ = {isa = PBXBuildFile; fileRef = 9107CBF91D3C633300698CAD /* MasterViewController.swift */; };
		9107CBFC1D3C633300698CAD /* DetailViewController.swift in Sources */ = {isa = PBXBuildFile; fileRef = 9107CBFB1D3C633300698CAD /* DetailViewController.swift */; };
		9107CBFF1D3C633300698CAD /* Main.storyboard in Resources */ = {isa = PBXBuildFile; fileRef = 9107CBFD1D3C633300698CAD /* Main.storyboard */; };
		9107CC011D3C633300698CAD /* Assets.xcassets in Resources */ = {isa = PBXBuildFile; fileRef = 9107CC001D3C633300698CAD /* Assets.xcassets */; };
		9107CC041D3C633300698CAD /* LaunchScreen.storyboard in Resources */ = {isa = PBXBuildFile; fileRef = 9107CC021D3C633300698CAD /* LaunchScreen.storyboard */; };
		9107CC0C1D3C652D00698CAD /* ViewController.swift in Sources */ = {isa = PBXBuildFile; fileRef = 9107CC0B1D3C652D00698CAD /* ViewController.swift */; };
		9107CC0E1D3C674C00698CAD /* img1.jpg in Resources */ = {isa = PBXBuildFile; fileRef = 9107CC0D1D3C674C00698CAD /* img1.jpg */; };
/* End PBXBuildFile section */

/* Begin PBXFileReference section */
		9107CBF11D3C633300698CAD /* Test.app */ = {isa = PBXFileReference; explicitFileType = wrapper.application; includeInIndex = 0; path = Test.app; sourceTree = BUILT_PRODUCTS_DIR; };
		9107CBF41D3C633300698CAD /* AppDelegate.swift */ = {isa = PBXFileReference; lastKnownFileType = sourcecode.swift; path = AppDelegate.swift; sourceTree = "<group>"; };
		9107CBF71D3C633300698CAD /* Test.xcdatamodel */ = {isa = PBXFileReference; lastKnownFileType = wrapper.xcdatamodel; path = Test.xcdatamodel; sourceTree = "<group>"; };
		9107CBF91D3C633300698CAD /* MasterViewController.swift */ = {isa = PBXFileReference; lastKnownFileType = sourcecode.swift; path = MasterViewController.swift; sourceTree = "<group>"; };
		9107CBFB1D3C633300698CAD /* DetailViewController.swift */ = {isa = PBXFileReference; lastKnownFileType = sourcecode.swift; path = DetailViewController.swift; sourceTree = "<group>"; };
		9107CBFE1D3C633300698CAD /* Base */ = {isa = PBXFileReference; lastKnownFileType = file.storyboard; name = Base; path = Base.lproj/Main.storyboard; sourceTree = "<group>"; };
		9107CC001D3C633300698CAD /* Assets.xcassets */ = {isa = PBXFileReference; lastKnownFileType = folder.assetcatalog; path = Assets.xcassets; sourceTree = "<group>"; };
		9107CC031D3C633300698CAD /* Base */ = {isa = PBXFileReference; lastKnownFileType = file.storyboard; name = Base; path = Base.lproj/LaunchScreen.storyboard; sourceTree = "<group>"; };
		9107CC051D3C633300698CAD /* Info.plist */ = {isa = PBXFileReference; lastKnownFileType = text.plist.xml; path = Info.plist; sourceTree = "<group>"; };
		9107CC0B1D3C652D00698CAD /* ViewController.swift */ = {isa = PBXFileReference; fileEncoding = 4; lastKnownFileType = sourcecode.swift; path = ViewController.swift; sourceTree = "<group>"; };
		9107CC0D1D3C674C00698CAD /* img1.jpg */ = {isa = PBXFileReference; lastKnownFileType = image.jpeg; path = img1.jpg; sourceTree = "<group>"; };
/* End PBXFileReference section */

/* Begin PBXFrameworksBuildPhase section */
		9107CBEE1D3C633300698CAD /* Frameworks */ = {
			isa = PBXFrameworksBuildPhase;
			buildActionMask = 2147483647;
			files = (
			);
			runOnlyForDeploymentPostprocessing = 0;
		};
/* End PBXFrameworksBuildPhase section */

/* Begin PBXGroup section */
		9107CBE81D3C633300698CAD = {
			isa = PBXGroup;
			children = (
				9107CBF31D3C633300698CAD /* Test */,
				9107CBF21D3C633300698CAD /* Products */,
			);
			sourceTree = "<group>";
		};
		9107CBF21D3C633300698CAD /* Products */ = {
			isa = PBXGroup;
			children = (
				9107CBF11D3C633300698CAD /* Test.app */,
			);
			name = Products;
			sourceTree = "<group>";
		};
		9107CBF31D3C633300698CAD /* Test */ = {
			isa = PBXGroup;
			children = (
				9107CBF41D3C633300698CAD /* AppDelegate.swift */,
				9107CBF91D3C633300698CAD /* MasterViewController.swift */,
				9107CBFB1D3C633300698CAD /* DetailViewController.swift */,
				9107CC0B1D3C652D00698CAD /* ViewController.swift */,
				9107CBFD1D3C633300698CAD /* Main.storyboard */,
				9107CC0D1D3C674C00698CAD /* img1.jpg */,
				9107CC001D3C633300698CAD /* Assets.xcassets */,
				9107CC021D3C633300698CAD /* LaunchScreen.storyboard */,
				9107CC051D3C633300698CAD /* Info.plist */,
				9107CBF61D3C633300698CAD /* Test.xcdatamodeld */,
			);
			path = Test;
			sourceTree = "<group>";
		};
/* End PBXGroup section */

/* Begin PBXNativeTarget section */
		9107CBF01D3C633300698CAD /* Test */ = {
			isa = PBXNativeTarget;
			buildConfigurationList = 9107CC081D3C633300698CAD /* Build configuration list for PBXNativeTarget "Test" */;
			buildPhases = (
				9107CBED1D3C633300698CAD /* Sources */,
				9107CBEE1D3C633300698CAD /* Frameworks */,
				9107CBEF1D3C633300698CAD /* Resources */,
			);
			buildRules = (
			);
			dependencies = (
			);
			name = Test;
			productName = Test;
			productReference = 9107CBF11D3C633300698CAD /* Test.app */;
			productType = "com.apple.product-type.application";
		};
/* End PBXNativeTarget section */

/* Begin PBXProject section */
		9107CBE91D3C633300698CAD /* Project object */ = {
			isa = PBXProject;
			attributes = {
				LastSwiftUpdateCheck = 0730;
				LastUpgradeCheck = 0730;
				ORGANIZATIONNAME = "Eliseo Fuentes";
				TargetAttributes = {
					9107CBF01D3C633300698CAD = {
						CreatedOnToolsVersion = 7.3.1;
					};
				};
			};
			buildConfigurationList = 9107CBEC1D3C633300698CAD /* Build configuration list for PBXProject "Test" */;
			compatibilityVersion = "Xcode 3.2";
			developmentRegion = English;
			hasScannedForEncodings = 0;
			knownRegions = (
				en,
				Base,
			);
			mainGroup = 9107CBE81D3C633300698CAD;
			productRefGroup = 9107CBF21D3C633300698CAD /* Products */;
			projectDirPath = "";
			projectRoot = "";
			targets = (
				9107CBF01D3C633300698CAD /* Test */,
			);
		};
/* End PBXProject section */

/* Begin PBXResourcesBuildPhase section */
		9107CBEF1D3C633300698CAD /* Resources */ = {
			isa = PBXResourcesBuildPhase;
			buildActionMask = 2147483647;
			files = (
				9107CC041D3C633300698CAD /* LaunchScreen.storyboard in Resources */,
				9107CC0E1D3C674C00698CAD /* img1.jpg in Resources */,
				9107CC011D3C633300698CAD /* Assets.xcassets in Resources */,
				9107CBFF1D3C633300698CAD /* Main.storyboard in Resources */,
			);
			runOnlyForDeploymentPostprocessing = 0;
		};
/* End PBXResourcesBuildPhase section */

/* Begin PBXSourcesBuildPhase section */
		9107CBED1D3C633300698CAD /* Sources */ = {
			isa = PBXSourcesBuildPhase;
			buildActionMask = 2147483647;
			files = (
				9107CC0C1D3C652D00698CAD /* ViewController.swift in Sources */,
				9107CBF51D3C633300698CAD /* AppDelegate.swift in Sources */,
				9107CBF81D3C633300698CAD /* Test.xcdatamodeld in Sources */,
				9107CBFA1D3C633300698CAD /* MasterViewController.swift in Sources */,
				9107CBFC1D3C633300698CAD /* DetailViewController.swift in Sources */,
			);
			runOnlyForDeploymentPostprocessing = 0;
		};
/* End PBXSourcesBuildPhase section */

/* Begin PBXVariantGroup section */
		9107CBFD1D3C633300698CAD /* Main.storyboard */ = {
			isa = PBXVariantGroup;
			children = (
				9107CBFE1D3C633300698CAD /* Base */,
			);
			name = Main.storyboard;
			sourceTree = "<group>";
		};
		9107CC021D3C633300698CAD /* LaunchScreen.storyboard */ = {
			isa = PBXVariantGroup;
			children = (
				9107CC031D3C633300698CAD /* Base */,
			);
			name = LaunchScreen.storyboard;
			sourceTree = "<group>";
		};
/* End PBXVariantGroup section */

/* Begin XCBuildConfiguration section */
		9107CC061D3C633300698CAD /* Debug */ = {
			isa = XCBuildConfiguration;
			buildSettings = {
				ALWAYS_SEARCH_USER_PATHS = NO;
				CLANG_ANALYZER_NONNULL = YES;
				CLANG_CXX_LANGUAGE_STANDARD = "gnu++0x";
				CLANG_CXX_LIBRARY = "libc++";
				CLANG_ENABLE_MODULES = YES;
				CLANG_ENABLE_OBJC_ARC = YES;
				CLANG_WARN_BOOL_CONVERSION = YES;
				CLANG_WARN_CONSTANT_CONVERSION = YES;
				CLANG_WARN_DIRECT_OBJC_ISA_USAGE = YES_ERROR;
				CLANG_WARN_EMPTY_BODY = YES;
				CLANG_WARN_ENUM_CONVERSION = YES;
				CLANG_WARN_INT_CONVERSION = YES;
				CLANG_WARN_OBJC_ROOT_CLASS = YES_ERROR;
				CLANG_WARN_UNREACHABLE_CODE = YES;
				CLANG_WARN__DUPLICATE_METHOD_MATCH = YES;
				"CODE_SIGN_IDENTITY[sdk=iphoneos*]" = "iPhone Developer";
				COPY_PHASE_STRIP = NO;
				DEBUG_INFORMATION_FORMAT = dwarf;
				ENABLE_STRICT_OBJC_MSGSEND = YES;
				ENABLE_TESTABILITY = YES;
				GCC_C_LANGUAGE_STANDARD = gnu99;
				GCC_DYNAMIC_NO_PIC = NO;
				GCC_NO_COMMON_BLOCKS = YES;
				GCC_OPTIMIZATION_LEVEL = 0;
				GCC_PREPROCESSOR_DEFINITIONS = (
					"DEBUG=1",
					"$(inherited)",
				);
				GCC_WARN_64_TO_32_BIT_CONVERSION = YES;
				GCC_WARN_ABOUT_RETURN_TYPE = YES_ERROR;
				GCC_WARN_UNDECLARED_SELECTOR = YES;
				GCC_WARN_UNINITIALIZED_AUTOS = YES_AGGRESSIVE;
				GCC_WARN_UNUSED_FUNCTION = YES;
				GCC_WARN_UNUSED_VARIABLE = YES;
				IPHONEOS_DEPLOYMENT_TARGET = 9.3;
				MTL_ENABLE_DEBUG_INFO = YES;
				ONLY_ACTIVE_ARCH = YES;
				SDKROOT = iphoneos;
				SWIFT_OPTIMIZATION_LEVEL = "-Onone";
			};
			name = Debug;
		};
		9107CC071D3C633300698CAD /* Release */ = {
			isa = XCBuildConfiguration;
			buildSettings = {
				ALWAYS_SEARCH_USER_PATHS = NO;
				CLANG_ANALYZER_NONNULL = YES;
				CLANG_CXX_LANGUAGE_STANDARD = "gnu++0x";
				CLANG_CXX_LIBRARY = "libc++";
				CLANG_ENABLE_MODULES = YES;
				CLANG_ENABLE_OBJC_ARC = YES;
				CLANG_WARN_BOOL_CONVERSION = YES;
				CLANG_WARN_CONSTANT_CONVERSION = YES;
				CLANG_WARN_DIRECT_OBJC_ISA_USAGE = YES_ERROR;
				CLANG_WARN_EMPTY_BODY = YES;
				CLANG_WARN_ENUM_CONVERSION = YES;
				CLANG_WARN_INT_CONVERSION = YES;
				CLANG_WARN_OBJC_ROOT_CLASS = YES_ERROR;
				CLANG_WARN_UNREACHABLE_CODE = YES;
				CLANG_WARN__DUPLICATE_METHOD_MATCH = YES;
				"CODE_SIGN_IDENTITY[sdk=iphoneos*]" = "iPhone Developer";
				COPY_PHASE_STRIP = NO;
				DEBUG_INFORMATION_FORMAT = "dwarf-with-dsym";
				ENABLE_NS_ASSERTIONS = NO;
				ENABLE_STRICT_OBJC_MSGSEND = YES;
				GCC_C_LANGUAGE_STANDARD = gnu99;
				GCC_NO_COMMON_BLOCKS = YES;
				GCC_WARN_64_TO_32_BIT_CONVERSION = YES;
				GCC_WARN_ABOUT_RETURN_TYPE = YES_ERROR;
				GCC_WARN_UNDECLARED_SELECTOR = YES;
				GCC_WARN_UNINITIALIZED_AUTOS = YES_AGGRESSIVE;
				GCC_WARN_UNUSED_FUNCTION = YES;
				GCC_WARN_UNUSED_VARIABLE = YES;
				IPHONEOS_DEPLOYMENT_TARGET = 9.3;
				MTL_ENABLE_DEBUG_INFO = NO;
				SDKROOT = iphoneos;
				VALIDATE_PRODUCT = YES;
			};
			name = Release;
		};
		9107CC091D3C633300698CAD /* Debug */ = {
			isa = XCBuildConfiguration;
			buildSettings = {
				ASSETCATALOG_COMPILER_APPICON_NAME = AppIcon;
				INFOPLIST_FILE = Test/Info.plist;
				LD_RUNPATH_SEARCH_PATHS = "$(inherited) @executable_path/Frameworks";
				PRODUCT_BUNDLE_IDENTIFIER = com.fkts.Test;
				PRODUCT_NAME = "$(TARGET_NAME)";
			};
			name = Debug;
		};
		9107CC0A1D3C633300698CAD /* Release */ = {
			isa = XCBuildConfiguration;
			buildSettings = {
				ASSETCATALOG_COMPILER_APPICON_NAME = AppIcon;
				INFOPLIST_FILE = Test/Info.plist;
				LD_RUNPATH_SEARCH_PATHS = "$(inherited) @executable_path/Frameworks";
				PRODUCT_BUNDLE_IDENTIFIER = com.fkts.Test;
				PRODUCT_NAME = "$(TARGET_NAME)";
			};
			name = Release;
		};
/* End XCBuildConfiguration section */

/* Begin XCConfigurationList section */
		9107CBEC1D3C633300698CAD /* Build configuration list for PBXProject "Test" */ = {
			isa = XCConfigurationList;
			buildConfigurations = (
				9107CC061D3C633300698CAD /* Debug */,
				9107CC071D3C633300698CAD /* Release */,
			);
			defaultConfigurationIsVisible = 0;
			defaultConfigurationName = Release;
		};
		9107CC081D3C633300698CAD /* Build configuration list for PBXNativeTarget "Test" */ = {
			isa = XCConfigurationList;
			buildConfigurations = (
				9107CC091D3C633300698CAD /* Debug */,
				9107CC0A1D3C633300698CAD /* Release */,
			);
			defaultConfigurationIsVisible = 0;
			defaultConfigurationName = Release;
		};
/* End XCConfigurationList section */

/* Begin XCVersionGroup section */
		9107CBF61D3C633300698CAD /* Test.xcdatamodeld */ = {
			isa = XCVersionGroup;
			children = (
				9107CBF71D3C633300698CAD /* Test.xcdatamodel */,
			);
			currentVersion = 9107CBF71D3C633300698CAD /* Test.xcdatamodel */;
			path = Test.xcdatamodeld;
			sourceTree = "<group>";
			versionGroupType = wrapper.xcdatamodel;
		};
/* End XCVersionGroup section */
	};
	rootObject = 9107CBE91D3C633300698CAD /* Project object */;
}
